
Microsoft Visual Studio Solution File, Format Version 12.00
# Visual Studio 14
VisualStudioVersion = 14.0.23107.0
MinimumVisualStudioVersion = 10.0.40219.1
Project("{FAE04EC0-301F-11D3-BF4B-00C04F79EFBC}") = "AlchemistSinged", "AlchemistSinged\AlchemistSinged.csproj", "{93C52442-9A0C-407F-93D7-2B23E6CB1071}"
EndProject
Global
	GlobalSection(SolutionConfigurationPlatforms) = preSolution
		Debug|Any CPU = Debug|Any CPU
		Release|Any CPU = Release|Any CPU
	EndGlobalSection
	GlobalSection(ProjectConfigurationPlatforms) = postSolution
		{93C52442-9A0C-407F-93D7-2B23E6CB1071}.Debug|Any CPU.ActiveCfg = Debug|Any CPU
		{93C52442-9A0C-407F-93D7-2B23E6CB1071}.Debug|Any CPU.Build.0 = Debug|Any CPU
		{93C52442-9A0C-407F-93D7-2B23E6CB1071}.Release|Any CPU.ActiveCfg = Release|Any CPU
		{93C52442-9A0C-407F-93D7-2B23E6CB1071}.Release|Any CPU.Build.0 = Release|Any CPU
	EndGlobalSection
	GlobalSection(SolutionProperties) = preSolution
		HideSolutionNode = FALSE
	EndGlobalSection
EndGlobal
